
Microsoft Visual Studio Solution File, Format Version 12.00
# Visual Studio Version 17
VisualStudioVersion = 17.8.34330.188
MinimumVisualStudioVersion = 10.0.40219.1
Project("{9A19103F-16F7-4668-BE54-9A1E7A4F7556}") = "IO.Swagger", "src\IO.Swagger\IO.Swagger.csproj", "{669234CD-5343-4DA6-83FB-4086DC20C767}"
EndProject
Project("{9A19103F-16F7-4668-BE54-9A1E7A4F7556}") = "CalculationNUnitTest", "CalculationNUnitTest\CalculationNUnitTest.csproj", "{EEA35088-7CFF-4E38-834A-0330B055DE52}"
EndProject
Project("{E53339B2-1760-4266-BCC7-CA923CBCF16C}") = "docker-compose", "docker-compose.dcproj", "{E60817E0-F61A-492F-8994-8E7C812284C7}"
EndProject
Global
	GlobalSection(SolutionConfigurationPlatforms) = preSolution
		Debug|Any CPU = Debug|Any CPU
		NoVariablesDefault|Any CPU = NoVariablesDefault|Any CPU
		Release|Any CPU = Release|Any CPU
	EndGlobalSection
	GlobalSection(ProjectConfigurationPlatforms) = postSolution
		{669234CD-5343-4DA6-83FB-4086DC20C767}.Debug|Any CPU.ActiveCfg = Debug|Any CPU
		{669234CD-5343-4DA6-83FB-4086DC20C767}.Debug|Any CPU.Build.0 = Debug|Any CPU
		{669234CD-5343-4DA6-83FB-4086DC20C767}.NoVariablesDefault|Any CPU.ActiveCfg = Release|Any CPU
		{669234CD-5343-4DA6-83FB-4086DC20C767}.NoVariablesDefault|Any CPU.Build.0 = Release|Any CPU
		{669234CD-5343-4DA6-83FB-4086DC20C767}.Release|Any CPU.ActiveCfg = Release|Any CPU
		{669234CD-5343-4DA6-83FB-4086DC20C767}.Release|Any CPU.Build.0 = Release|Any CPU
		{EEA35088-7CFF-4E38-834A-0330B055DE52}.Debug|Any CPU.ActiveCfg = Debug|Any CPU
		{EEA35088-7CFF-4E38-834A-0330B055DE52}.Debug|Any CPU.Build.0 = Debug|Any CPU
		{EEA35088-7CFF-4E38-834A-0330B055DE52}.NoVariablesDefault|Any CPU.ActiveCfg = Release|Any CPU
		{EEA35088-7CFF-4E38-834A-0330B055DE52}.NoVariablesDefault|Any CPU.Build.0 = Release|Any CPU
		{EEA35088-7CFF-4E38-834A-0330B055DE52}.Release|Any CPU.ActiveCfg = Release|Any CPU
		{EEA35088-7CFF-4E38-834A-0330B055DE52}.Release|Any CPU.Build.0 = Release|Any CPU
		{E60817E0-F61A-492F-8994-8E7C812284C7}.Debug|Any CPU.ActiveCfg = NoVariablesDefault
		{E60817E0-F61A-492F-8994-8E7C812284C7}.Debug|Any CPU.Build.0 = NoVariablesDefault
		{E60817E0-F61A-492F-8994-8E7C812284C7}.NoVariablesDefault|Any CPU.ActiveCfg = NoVariablesDefault
		{E60817E0-F61A-492F-8994-8E7C812284C7}.NoVariablesDefault|Any CPU.Build.0 = NoVariablesDefault
		{E60817E0-F61A-492F-8994-8E7C812284C7}.Release|Any CPU.ActiveCfg = NoVariablesDefault
		{E60817E0-F61A-492F-8994-8E7C812284C7}.Release|Any CPU.Build.0 = NoVariablesDefault
	EndGlobalSection
	GlobalSection(SolutionProperties) = preSolution
		HideSolutionNode = FALSE
	EndGlobalSection
	GlobalSection(ExtensibilityGlobals) = postSolution
		SolutionGuid = {6A293228-0E04-4CFE-A902-C83B24A840F4}
	EndGlobalSection
EndGlobal
